
Microsoft Visual Studio Solution File, Format Version 12.00
# Visual Studio Version 17
VisualStudioVersion = 17.13.35931.197
MinimumVisualStudioVersion = 10.0.40219.1
Project("{8BC9CEB8-8B4A-11D0-8D11-00A0C91BC942}") = "00-01", "00-01\00-01.vcxproj", "{01449CE6-1DCC-4702-BEC8-911900E66676}"
EndProject
Project("{2150E333-8FDC-42A3-9474-1A3956D46DE8}") = "ソリューション項目", "ソリューション項目", "{2022CB0F-8BAF-F49E-0C48-8EF4C96EC109}"
	ProjectSection(SolutionItems) = preProject
		.editorconfig = .editorconfig
	EndProjectSection
EndProject
Project("{8BC9CEB8-8B4A-11D0-8D11-00A0C91BC942}") = "01-01", "01-01\01-01.vcxproj", "{F3986492-33C3-4976-A549-FD43994D8E86}"
EndProject
Project("{8BC9CEB8-8B4A-11D0-8D11-00A0C91BC942}") = "01-02", "01-02\01-02.vcxproj", "{B7C94D40-7C34-4577-81C9-39D3AA9767A9}"
EndProject
Project("{8BC9CEB8-8B4A-11D0-8D11-00A0C91BC942}") = "02-01", "02-01\02-01.vcxproj", "{45D06D38-952A-404E-AF89-01191D8E1E33}"
EndProject
Project("{8BC9CEB8-8B4A-11D0-8D11-00A0C91BC942}") = "02-02", "02-02\02-02.vcxproj", "{479C3BCA-59F5-488F-8742-4259EA47A98C}"
EndProject
Project("{8BC9CEB8-8B4A-11D0-8D11-00A0C91BC942}") = "02-03", "02-03\02-03.vcxproj", "{5FD1AAB9-CFD1-489E-9BB8-C38878503D48}"
EndProject
Project("{8BC9CEB8-8B4A-11D0-8D11-00A0C91BC942}") = "02-04", "02-04\02-04.vcxproj", "{EFED38BD-D27F-45FA-9DA4-CE36BD71BEDC}"
EndProject
Project("{8BC9CEB8-8B4A-11D0-8D11-00A0C91BC942}") = "03-01", "03-01\03-01.vcxproj", "{9127BEA9-3792-4E01-B6C3-E32CD49D27D3}"
EndProject
Project("{8BC9CEB8-8B4A-11D0-8D11-00A0C91BC942}") = "03-02", "03-02\03-02.vcxproj", "{2834DF95-49B1-4479-A513-3D810D457578}"
EndProject
Project("{8BC9CEB8-8B4A-11D0-8D11-00A0C91BC942}") = "03-03", "03-03\03-03.vcxproj", "{AB4954A6-8037-4F47-919A-FD88351B1021}"
EndProject
Project("{8BC9CEB8-8B4A-11D0-8D11-00A0C91BC942}") = "03-04", "03-04\03-04.vcxproj", "{EE270DD4-C584-4AF9-8978-7528BE5662A2}"
EndProject
Project("{8BC9CEB8-8B4A-11D0-8D11-00A0C91BC942}") = "04-01", "04-01\04-01.vcxproj", "{059A0852-D851-4634-A69D-2B9FC4926817}"
EndProject
Project("{8BC9CEB8-8B4A-11D0-8D11-00A0C91BC942}") = "05-01", "05-01\05-01.vcxproj", "{A43686FF-2012-4D54-B751-283F71567EDA}"
EndProject
Project("{8BC9CEB8-8B4A-11D0-8D11-00A0C91BC942}") = "06-01", "06-01\06-01.vcxproj", "{EE599A88-CFD2-4363-9D2A-CA2A77FBE069}"
EndProject
Project("{8BC9CEB8-8B4A-11D0-8D11-00A0C91BC942}") = "06-02", "06-02\06-02.vcxproj", "{A2F5FB2F-0E09-4432-902C-D8786F23AA66}"
EndProject
Global
	GlobalSection(SolutionConfigurationPlatforms) = preSolution
		Debug|x64 = Debug|x64
		Debug|x86 = Debug|x86
		Release|x64 = Release|x64
		Release|x86 = Release|x86
	EndGlobalSection
	GlobalSection(ProjectConfigurationPlatforms) = postSolution
		{01449CE6-1DCC-4702-BEC8-911900E66676}.Debug|x64.ActiveCfg = Debug|x64
		{01449CE6-1DCC-4702-BEC8-911900E66676}.Debug|x64.Build.0 = Debug|x64
		{01449CE6-1DCC-4702-BEC8-911900E66676}.Debug|x86.ActiveCfg = Debug|Win32
		{01449CE6-1DCC-4702-BEC8-911900E66676}.Debug|x86.Build.0 = Debug|Win32
		{01449CE6-1DCC-4702-BEC8-911900E66676}.Release|x64.ActiveCfg = Release|x64
		{01449CE6-1DCC-4702-BEC8-911900E66676}.Release|x64.Build.0 = Release|x64
		{01449CE6-1DCC-4702-BEC8-911900E66676}.Release|x86.ActiveCfg = Release|Win32
		{01449CE6-1DCC-4702-BEC8-911900E66676}.Release|x86.Build.0 = Release|Win32
		{F3986492-33C3-4976-A549-FD43994D8E86}.Debug|x64.ActiveCfg = Debug|x64
		{F3986492-33C3-4976-A549-FD43994D8E86}.Debug|x64.Build.0 = Debug|x64
		{F3986492-33C3-4976-A549-FD43994D8E86}.Debug|x86.ActiveCfg = Debug|Win32
		{F3986492-33C3-4976-A549-FD43994D8E86}.Debug|x86.Build.0 = Debug|Win32
		{F3986492-33C3-4976-A549-FD43994D8E86}.Release|x64.ActiveCfg = Release|x64
		{F3986492-33C3-4976-A549-FD43994D8E86}.Release|x64.Build.0 = Release|x64
		{F3986492-33C3-4976-A549-FD43994D8E86}.Release|x86.ActiveCfg = Release|Win32
		{F3986492-33C3-4976-A549-FD43994D8E86}.Release|x86.Build.0 = Release|Win32
		{B7C94D40-7C34-4577-81C9-39D3AA9767A9}.Debug|x64.ActiveCfg = Debug|x64
		{B7C94D40-7C34-4577-81C9-39D3AA9767A9}.Debug|x64.Build.0 = Debug|x64
		{B7C94D40-7C34-4577-81C9-39D3AA9767A9}.Debug|x86.ActiveCfg = Debug|Win32
		{B7C94D40-7C34-4577-81C9-39D3AA9767A9}.Debug|x86.Build.0 = Debug|Win32
		{B7C94D40-7C34-4577-81C9-39D3AA9767A9}.Release|x64.ActiveCfg = Release|x64
		{B7C94D40-7C34-4577-81C9-39D3AA9767A9}.Release|x64.Build.0 = Release|x64
		{B7C94D40-7C34-4577-81C9-39D3AA9767A9}.Release|x86.ActiveCfg = Release|Win32
		{B7C94D40-7C34-4577-81C9-39D3AA9767A9}.Release|x86.Build.0 = Release|Win32
		{45D06D38-952A-404E-AF89-01191D8E1E33}.Debug|x64.ActiveCfg = Debug|x64
		{45D06D38-952A-404E-AF89-01191D8E1E33}.Debug|x64.Build.0 = Debug|x64
		{45D06D38-952A-404E-AF89-01191D8E1E33}.Debug|x86.ActiveCfg = Debug|Win32
		{45D06D38-952A-404E-AF89-01191D8E1E33}.Debug|x86.Build.0 = Debug|Win32
		{45D06D38-952A-404E-AF89-01191D8E1E33}.Release|x64.ActiveCfg = Release|x64
		{45D06D38-952A-404E-AF89-01191D8E1E33}.Release|x64.Build.0 = Release|x64
		{45D06D38-952A-404E-AF89-01191D8E1E33}.Release|x86.ActiveCfg = Release|Win32
		{45D06D38-952A-404E-AF89-01191D8E1E33}.Release|x86.Build.0 = Release|Win32
		{479C3BCA-59F5-488F-8742-4259EA47A98C}.Debug|x64.ActiveCfg = Debug|x64
		{479C3BCA-59F5-488F-8742-4259EA47A98C}.Debug|x64.Build.0 = Debug|x64
		{479C3BCA-59F5-488F-8742-4259EA47A98C}.Debug|x86.ActiveCfg = Debug|Win32
		{479C3BCA-59F5-488F-8742-4259EA47A98C}.Debug|x86.Build.0 = Debug|Win32
		{479C3BCA-59F5-488F-8742-4259EA47A98C}.Release|x64.ActiveCfg = Release|x64
		{479C3BCA-59F5-488F-8742-4259EA47A98C}.Release|x64.Build.0 = Release|x64
		{479C3BCA-59F5-488F-8742-4259EA47A98C}.Release|x86.ActiveCfg = Release|Win32
		{479C3BCA-59F5-488F-8742-4259EA47A98C}.Release|x86.Build.0 = Release|Win32
		{5FD1AAB9-CFD1-489E-9BB8-C38878503D48}.Debug|x64.ActiveCfg = Debug|x64
		{5FD1AAB9-CFD1-489E-9BB8-C38878503D48}.Debug|x64.Build.0 = Debug|x64
		{5FD1AAB9-CFD1-489E-9BB8-C38878503D48}.Debug|x86.ActiveCfg = Debug|Win32
		{5FD1AAB9-CFD1-489E-9BB8-C38878503D48}.Debug|x86.Build.0 = Debug|Win32
		{5FD1AAB9-CFD1-489E-9BB8-C38878503D48}.Release|x64.ActiveCfg = Release|x64
		{5FD1AAB9-CFD1-489E-9BB8-C38878503D48}.Release|x64.Build.0 = Release|x64
		{5FD1AAB9-CFD1-489E-9BB8-C38878503D48}.Release|x86.ActiveCfg = Release|Win32
		{5FD1AAB9-CFD1-489E-9BB8-C38878503D48}.Release|x86.Build.0 = Release|Win32
		{EFED38BD-D27F-45FA-9DA4-CE36BD71BEDC}.Debug|x64.ActiveCfg = Debug|x64
		{EFED38BD-D27F-45FA-9DA4-CE36BD71BEDC}.Debug|x64.Build.0 = Debug|x64
		{EFED38BD-D27F-45FA-9DA4-CE36BD71BEDC}.Debug|x86.ActiveCfg = Debug|Win32
		{EFED38BD-D27F-45FA-9DA4-CE36BD71BEDC}.Debug|x86.Build.0 = Debug|Win32
		{EFED38BD-D27F-45FA-9DA4-CE36BD71BEDC}.Release|x64.ActiveCfg = Release|x64
		{EFED38BD-D27F-45FA-9DA4-CE36BD71BEDC}.Release|x64.Build.0 = Release|x64
		{EFED38BD-D27F-45FA-9DA4-CE36BD71BEDC}.Release|x86.ActiveCfg = Release|Win32
		{EFED38BD-D27F-45FA-9DA4-CE36BD71BEDC}.Release|x86.Build.0 = Release|Win32
		{9127BEA9-3792-4E01-B6C3-E32CD49D27D3}.Debug|x64.ActiveCfg = Debug|x64
		{9127BEA9-3792-4E01-B6C3-E32CD49D27D3}.Debug|x64.Build.0 = Debug|x64
		{9127BEA9-3792-4E01-B6C3-E32CD49D27D3}.Debug|x86.ActiveCfg = Debug|Win32
		{9127BEA9-3792-4E01-B6C3-E32CD49D27D3}.Debug|x86.Build.0 = Debug|Win32
		{9127BEA9-3792-4E01-B6C3-E32CD49D27D3}.Release|x64.ActiveCfg = Release|x64
		{9127BEA9-3792-4E01-B6C3-E32CD49D27D3}.Release|x64.Build.0 = Release|x64
		{9127BEA9-3792-4E01-B6C3-E32CD49D27D3}.Release|x86.ActiveCfg = Release|Win32
		{9127BEA9-3792-4E01-B6C3-E32CD49D27D3}.Release|x86.Build.0 = Release|Win32
		{2834DF95-49B1-4479-A513-3D810D457578}.Debug|x64.ActiveCfg = Debug|x64
		{2834DF95-49B1-4479-A513-3D810D457578}.Debug|x64.Build.0 = Debug|x64
		{2834DF95-49B1-4479-A513-3D810D457578}.Debug|x86.ActiveCfg = Debug|Win32
		{2834DF95-49B1-4479-A513-3D810D457578}.Debug|x86.Build.0 = Debug|Win32
		{2834DF95-49B1-4479-A513-3D810D457578}.Release|x64.ActiveCfg = Release|x64
		{2834DF95-49B1-4479-A513-3D810D457578}.Release|x64.Build.0 = Release|x64
		{2834DF95-49B1-4479-A513-3D810D457578}.Release|x86.ActiveCfg = Release|Win32
		{2834DF95-49B1-4479-A513-3D810D457578}.Release|x86.Build.0 = Release|Win32
		{AB4954A6-8037-4F47-919A-FD88351B1021}.Debug|x64.ActiveCfg = Debug|x64
		{AB4954A6-8037-4F47-919A-FD88351B1021}.Debug|x64.Build.0 = Debug|x64
		{AB4954A6-8037-4F47-919A-FD88351B1021}.Debug|x86.ActiveCfg = Debug|Win32
		{AB4954A6-8037-4F47-919A-FD88351B1021}.Debug|x86.Build.0 = Debug|Win32
		{AB4954A6-8037-4F47-919A-FD88351B1021}.Release|x64.ActiveCfg = Release|x64
		{AB4954A6-8037-4F47-919A-FD88351B1021}.Release|x64.Build.0 = Release|x64
		{AB4954A6-8037-4F47-919A-FD88351B1021}.Release|x86.ActiveCfg = Release|Win32
		{AB4954A6-8037-4F47-919A-FD88351B1021}.Release|x86.Build.0 = Release|Win32
		{EE270DD4-C584-4AF9-8978-7528BE5662A2}.Debug|x64.ActiveCfg = Debug|x64
		{EE270DD4-C584-4AF9-8978-7528BE5662A2}.Debug|x64.Build.0 = Debug|x64
		{EE270DD4-C584-4AF9-8978-7528BE5662A2}.Debug|x86.ActiveCfg = Debug|Win32
		{EE270DD4-C584-4AF9-8978-7528BE5662A2}.Debug|x86.Build.0 = Debug|Win32
		{EE270DD4-C584-4AF9-8978-7528BE5662A2}.Release|x64.ActiveCfg = Release|x64
		{EE270DD4-C584-4AF9-8978-7528BE5662A2}.Release|x64.Build.0 = Release|x64
		{EE270DD4-C584-4AF9-8978-7528BE5662A2}.Release|x86.ActiveCfg = Release|Win32
		{EE270DD4-C584-4AF9-8978-7528BE5662A2}.Release|x86.Build.0 = Release|Win32
		{059A0852-D851-4634-A69D-2B9FC4926817}.Debug|x64.ActiveCfg = Debug|x64
		{059A0852-D851-4634-A69D-2B9FC4926817}.Debug|x64.Build.0 = Debug|x64
		{059A0852-D851-4634-A69D-2B9FC4926817}.Debug|x86.ActiveCfg = Debug|x64
		{059A0852-D851-4634-A69D-2B9FC4926817}.Debug|x86.Build.0 = Debug|x64
		{059A0852-D851-4634-A69D-2B9FC4926817}.Release|x64.ActiveCfg = Release|x64
		{059A0852-D851-4634-A69D-2B9FC4926817}.Release|x64.Build.0 = Release|x64
		{059A0852-D851-4634-A69D-2B9FC4926817}.Release|x86.ActiveCfg = Release|x64
		{059A0852-D851-4634-A69D-2B9FC4926817}.Release|x86.Build.0 = Release|x64
		{A43686FF-2012-4D54-B751-283F71567EDA}.Debug|x64.ActiveCfg = Debug|x64
		{A43686FF-2012-4D54-B751-283F71567EDA}.Debug|x64.Build.0 = Debug|x64
		{A43686FF-2012-4D54-B751-283F71567EDA}.Debug|x86.ActiveCfg = Debug|x64
		{A43686FF-2012-4D54-B751-283F71567EDA}.Debug|x86.Build.0 = Debug|x64
		{A43686FF-2012-4D54-B751-283F71567EDA}.Release|x64.ActiveCfg = Release|x64
		{A43686FF-2012-4D54-B751-283F71567EDA}.Release|x64.Build.0 = Release|x64
		{A43686FF-2012-4D54-B751-283F71567EDA}.Release|x86.ActiveCfg = Release|x64
		{A43686FF-2012-4D54-B751-283F71567EDA}.Release|x86.Build.0 = Release|x64
		{EE599A88-CFD2-4363-9D2A-CA2A77FBE069}.Debug|x64.ActiveCfg = Debug|x64
		{EE599A88-CFD2-4363-9D2A-CA2A77FBE069}.Debug|x64.Build.0 = Debug|x64
		{EE599A88-CFD2-4363-9D2A-CA2A77FBE069}.Debug|x86.ActiveCfg = Debug|Win32
		{EE599A88-CFD2-4363-9D2A-CA2A77FBE069}.Debug|x86.Build.0 = Debug|Win32
		{EE599A88-CFD2-4363-9D2A-CA2A77FBE069}.Release|x64.ActiveCfg = Release|x64
		{EE599A88-CFD2-4363-9D2A-CA2A77FBE069}.Release|x64.Build.0 = Release|x64
		{EE599A88-CFD2-4363-9D2A-CA2A77FBE069}.Release|x86.ActiveCfg = Release|Win32
		{EE599A88-CFD2-4363-9D2A-CA2A77FBE069}.Release|x86.Build.0 = Release|Win32
		{A2F5FB2F-0E09-4432-902C-D8786F23AA66}.Debug|x64.ActiveCfg = Debug|x64
		{A2F5FB2F-0E09-4432-902C-D8786F23AA66}.Debug|x64.Build.0 = Debug|x64
		{A2F5FB2F-0E09-4432-902C-D8786F23AA66}.Debug|x86.ActiveCfg = Debug|x64
		{A2F5FB2F-0E09-4432-902C-D8786F23AA66}.Debug|x86.Build.0 = Debug|x64
		{A2F5FB2F-0E09-4432-902C-D8786F23AA66}.Release|x64.ActiveCfg = Release|x64
		{A2F5FB2F-0E09-4432-902C-D8786F23AA66}.Release|x64.Build.0 = Release|x64
		{A2F5FB2F-0E09-4432-902C-D8786F23AA66}.Release|x86.ActiveCfg = Release|x64
		{A2F5FB2F-0E09-4432-902C-D8786F23AA66}.Release|x86.Build.0 = Release|x64
	EndGlobalSection
	GlobalSection(SolutionProperties) = preSolution
		HideSolutionNode = FALSE
	EndGlobalSection
	GlobalSection(ExtensibilityGlobals) = postSolution
		SolutionGuid = {54E3EF92-185B-4474-8BD9-A26AC66CC6A4}
	EndGlobalSection
EndGlobal
